
Microsoft Visual Studio Solution File, Format Version 12.00
# Visual Studio Version 17
VisualStudioVersion = 17.3.32728.150
MinimumVisualStudioVersion = 10.0.40219.1
Project("{FAE04EC0-301F-11D3-BF4B-00C04F79EFBC}") = "CySoft.Collections", "CySoft.Collections\CySoft.Collections.csproj", "{F26535FD-9BF0-48BD-820B-C685740866D7}"
EndProject
Project("{FAE04EC0-301F-11D3-BF4B-00C04F79EFBC}") = "CySoft.Collections.Geometry", "CySoft.Collections.Geometry\CySoft.Collections.Geometry.csproj", "{4AD2D4A2-7E54-4A6C-8594-D0DA1BD79770}"
EndProject
Global
	GlobalSection(SolutionConfigurationPlatforms) = preSolution
		Debug|Any CPU = Debug|Any CPU
		Release|Any CPU = Release|Any CPU
	EndGlobalSection
	GlobalSection(ProjectConfigurationPlatforms) = postSolution
		{F26535FD-9BF0-48BD-820B-C685740866D7}.Debug|Any CPU.ActiveCfg = Debug|Any CPU
		{F26535FD-9BF0-48BD-820B-C685740866D7}.Debug|Any CPU.Build.0 = Debug|Any CPU
		{F26535FD-9BF0-48BD-820B-C685740866D7}.Release|Any CPU.ActiveCfg = Release|Any CPU
		{F26535FD-9BF0-48BD-820B-C685740866D7}.Release|Any CPU.Build.0 = Release|Any CPU
		{4AD2D4A2-7E54-4A6C-8594-D0DA1BD79770}.Debug|Any CPU.ActiveCfg = Debug|Any CPU
		{4AD2D4A2-7E54-4A6C-8594-D0DA1BD79770}.Debug|Any CPU.Build.0 = Debug|Any CPU
		{4AD2D4A2-7E54-4A6C-8594-D0DA1BD79770}.Release|Any CPU.ActiveCfg = Release|Any CPU
		{4AD2D4A2-7E54-4A6C-8594-D0DA1BD79770}.Release|Any CPU.Build.0 = Release|Any CPU
	EndGlobalSection
	GlobalSection(SolutionProperties) = preSolution
		HideSolutionNode = FALSE
	EndGlobalSection
	GlobalSection(ExtensibilityGlobals) = postSolution
		SolutionGuid = {C67E7BC1-664A-466C-9719-41E6765A3731}
	EndGlobalSection
EndGlobal
